# This file is automatically @generated by Poetry 1.7.1 and should not be changed by hand.

[[package]]
name = "click"
version = "8.1.7"
description = "Composable command line interface toolkit"
optional = false
python-versions = ">=3.7"
files = [
    {file = "click-8.1.7-py3-none-any.whl", hash = "sha256:ae74fb96c20a0277a1d615f1e4d73c8414f5a98db8b799a7931d1582f3390c28"},
    {file = "click-8.1.7.tar.gz", hash = "sha256:ca9853ad459e787e2192211578cc907e7594e294c7ccc834310722b41b9ca6de"},
]

[package.dependencies]
colorama = {version = "*", markers = "platform_system == \"Windows\""}

[[package]]
name = "colorama"
version = "0.4.6"
description = "Cross-platform colored terminal text."
optional = false
python-versions = "!=3.0.*,!=3.1.*,!=3.2.*,!=3.3.*,!=3.4.*,!=3.5.*,!=3.6.*,>=2.7"
files = [
    {file = "colorama-0.4.6-py2.py3-none-any.whl", hash = "sha256:4f1d9991f5acc0ca119f9d443620b77f9d6b33703e51011c16baf57afb285fc6"},
    {file = "colorama-0.4.6.tar.gz", hash = "sha256:08695f5cb7ed6e0531a20572697297273c47b8cae5a63ffc6d6ed5c201be6e44"},
]

[[package]]
name = "et-xmlfile"
version = "1.1.0"
description = "An implementation of lxml.xmlfile for the standard library"
optional = false
python-versions = ">=3.6"
files = [
    {file = "et_xmlfile-1.1.0-py3-none-any.whl", hash = "sha256:a2ba85d1d6a74ef63837eed693bcb89c3f752169b0e3e7ae5b16ca5e1b3deada"},
    {file = "et_xmlfile-1.1.0.tar.gz", hash = "sha256:8eb9e2bc2f8c97e37a2dc85a09ecdcdec9d8a396530a6d5a33b30b9a92da0c5c"},
]

[[package]]
name = "ezdxf"
version = "1.2.0"
description = "A Python package to create/manipulate DXF drawings."
optional = false
python-versions = ">=3.9"
files = [
    {file = "ezdxf-1.2.0-cp310-cp310-macosx_10_9_universal2.whl", hash = "sha256:2e1d838f39e84b4e3f0d9af73c9ba7f28453e7c793be1c9c6caadf60164b7016"},
    {file = "ezdxf-1.2.0-cp310-cp310-macosx_10_9_x86_64.whl", hash = "sha256:027597f128504dc13b9d0cf720f0fe1a4540fc4e07c1b5f9d2dbbb46fa40936b"},
    {file = "ezdxf-1.2.0-cp310-cp310-macosx_11_0_arm64.whl", hash = "sha256:ae44c062769e11914082f89db098dd02807a61c0a4cec4561457b2766d90e2e6"},
    {file = "ezdxf-1.2.0-cp310-cp310-manylinux_2_17_aarch64.manylinux2014_aarch64.whl", hash = "sha256:12578384a2bfb5420e8baa24ef03bd4ffe1ad7c6b8620119a3773252d49db4b3"},
    {file = "ezdxf-1.2.0-cp310-cp310-manylinux_2_17_x86_64.manylinux2014_x86_64.whl", hash = "sha256:2fb1853ea3cb3032cc94968b4c7c15cbcdda59a3d596f95571cfb2370251c555"},
    {file = "ezdxf-1.2.0-cp310-cp310-musllinux_1_1_aarch64.whl", hash = "sha256:ac31830e9200f6d3f4b16343a7eb1f0adc6b8b712b27008df04d658a2f7b2c22"},
    {file = "ezdxf-1.2.0-cp310-cp310-musllinux_1_1_x86_64.whl", hash = "sha256:249d62932fef8f223d2c4fa59c3385a0c35aebd0f8183257c0faac79a9909868"},
    {file = "ezdxf-1.2.0-cp310-cp310-win_amd64.whl", hash = "sha256:ecfcafd596486873bfe044fab4be3a26c403e5fad10ed57e7309f5e34e77a809"},
    {file = "ezdxf-1.2.0-cp311-cp311-macosx_10_9_universal2.whl", hash = "sha256:bc2ec8da9d2578a31942a7c038f2f3208b397fb51f359dbc6cf176ae76a16693"},
    {file = "ezdxf-1.2.0-cp311-cp311-macosx_10_9_x86_64.whl", hash = "sha256:4a70bec89cdc9e66025f2a71667b18ffdf005b8d4a2c6ad78b2d647555e4bb27"},
    {file = "ezdxf-1.2.0-cp311-cp311-macosx_11_0_arm64.whl", hash = "sha256:6f2d09b85c47c5b54fd95eb2b0d6b70df7b469a83a02b67fd003e55f36b0872d"},
    {file = "ezdxf-1.2.0-cp311-cp311-manylinux_2_17_aarch64.manylinux2014_aarch64.whl", hash = "sha256:2c18a1cc5b6f094f98bbebda4212d6c3fbf1c40f2351d298955e26f770394c77"},
    {file = "ezdxf-1.2.0-cp311-cp311-manylinux_2_17_x86_64.manylinux2014_x86_64.whl", hash = "sha256:98fb974c2de051cd85f003f35a61389cd2c499200633d9b073d8c511921154f2"},
    {file = "ezdxf-1.2.0-cp311-cp311-musllinux_1_1_aarch64.whl", hash = "sha256:d228bf5b6d7ddb45f0e40184e7ca64e2a071420c1a81a02e5d12c8e0fd8358a7"},
    {file = "ezdxf-1.2.0-cp311-cp311-musllinux_1_1_x86_64.whl", hash = "sha256:4540f4a3efb52418bd514968268431b8c64ea1ecb9b5bb253d844cd361b60c13"},
    {file = "ezdxf-1.2.0-cp311-cp311-win_amd64.whl", hash = "sha256:1afa02f7a1ce9d7a9c33ad4f2b67153b00e7004387bfcd4c31437273fe680466"},
    {file = "ezdxf-1.2.0-cp312-cp312-macosx_10_9_universal2.whl", hash = "sha256:de52f8b5acdd27780ef063cf5062459f164a45b00169dc616c4f4368d1f980da"},
    {file = "ezdxf-1.2.0-cp312-cp312-macosx_10_9_x86_64.whl", hash = "sha256:dd77982827c7cf6b064f84b8d043e1ac7ca9aba9deddb6729437995a4c7a2539"},
    {file = "ezdxf-1.2.0-cp312-cp312-macosx_11_0_arm64.whl", hash = "sha256:4641222751e451ff1af85318adaa95b21c309c7ae94fd7db783afa4dbbcf8aec"},
    {file = "ezdxf-1.2.0-cp312-cp312-manylinux_2_17_aarch64.manylinux2014_aarch64.whl", hash = "sha256:5fcac2fec3ee693313530feca156048f43351ba49f8e83c1e56cb3e25033cba8"},
    {file = "ezdxf-1.2.0-cp312-cp312-manylinux_2_17_x86_64.manylinux2014_x86_64.whl", hash = "sha256:5f49f9dca916ddf03bef6a4fbbea72184d672d9b32f3c2a86e9b11b6c509e2da"},
    {file = "ezdxf-1.2.0-cp312-cp312-musllinux_1_1_aarch64.whl", hash = "sha256:bc608e62ef16a7ebc16ff127845f2f92faf41733981605209eed1057e0f6d273"},
    {file = "ezdxf-1.2.0-cp312-cp312-musllinux_1_1_x86_64.whl", hash = "sha256:d48152512b0ee8b462bdd7ae08553c1c2ee680aa7b77a02b83c3ad1adc2db81a"},
    {file = "ezdxf-1.2.0-cp312-cp312-win_amd64.whl", hash = "sha256:0f6ad07bc19bbf74405b5a3cfe434b175a7cb20a9a9bd6cbae2eabb21fe057f2"},
    {file = "ezdxf-1.2.0-cp39-cp39-macosx_10_9_universal2.whl", hash = "sha256:876d77f2bbf7483cab20b2ac89523d2527aab2bbcb669a235d4e463a712445f7"},
    {file = "ezdxf-1.2.0-cp39-cp39-macosx_10_9_x86_64.whl", hash = "sha256:a89cdec279e3a24989416329778170bbab863d495a443d7a803383341a12fcd2"},
    {file = "ezdxf-1.2.0-cp39-cp39-macosx_11_0_arm64.whl", hash = "sha256:8582d204935c64f1f8565123e4a7fce6f9ca00af077176ff7304e26d1284af30"},
    {file = "ezdxf-1.2.0-cp39-cp39-manylinux_2_17_aarch64.manylinux2014_aarch64.whl", hash = "sha256:7890f9c759a3f3d8507efbc7e24290a4bf5f8b1fa0a66082e9be4d79daae7792"},
    {file = "ezdxf-1.2.0-cp39-cp39-manylinux_2_5_x86_64.manylinux1_x86_64.manylinux_2_12_x86_64.manylinux2010_x86_64.whl", hash = "sha256:cbe01ab4c43edafa78e022f397c2270f49ced66bac74d3515243c6e33b049314"},
    {file = "ezdxf-1.2.0-cp39-cp39-musllinux_1_1_aarch64.whl", hash = "sha256:442dd36ae36ec6853898f3a8081999b68ed80c906a14f393b360b1441fa3f452"},
    {file = "ezdxf-1.2.0-cp39-cp39-musllinux_1_1_x86_64.whl", hash = "sha256:2a5f2f5e2cf8d8ac3b4ddf7414ca25ae575c2c8a7d0ac59d106c9a6b9741ecef"},
    {file = "ezdxf-1.2.0-cp39-cp39-win_amd64.whl", hash = "sha256:67b844e21d5b174e5075136cf0e00c710d3333f1be0b41c889a56bfee984ead8"},
    {file = "ezdxf-1.2.0-py3-none-any.whl", hash = "sha256:549b5714543cba8665c6f0fb1f269ab03270f2339eb22cd40fd35b1dbc22e4a4"},
    {file = "ezdxf-1.2.0.zip", hash = "sha256:a34748ac31d414387dab72ecf819b1422b44d43b094045a5235f2ad268882942"},
]

[package.dependencies]
fonttools = "*"
numpy = "*"
pyparsing = ">=2.0.1"
typing-extensions = ">=4.6.0"

[package.extras]
dev = ["Cython", "Pillow", "PyMuPDF (>=1.20.0)", "PySide6", "matplotlib", "pytest", "setuptools", "wheel"]
dev5 = ["Cython", "Pillow", "PyMuPDF (>=1.20.0)", "PyQt5", "matplotlib", "pytest", "setuptools", "wheel"]
draw = ["Pillow", "PyMuPDF (>=1.20.0)", "PySide6", "matplotlib"]
draw5 = ["Pillow", "PyMuPDF (>=1.20.0)", "PyQt5", "matplotlib"]

[[package]]
name = "fonttools"
version = "4.49.0"
description = "Tools to manipulate font files"
optional = false
python-versions = ">=3.8"
files = [
    {file = "fonttools-4.49.0-cp310-cp310-macosx_10_9_universal2.whl", hash = "sha256:d970ecca0aac90d399e458f0b7a8a597e08f95de021f17785fb68e2dc0b99717"},
    {file = "fonttools-4.49.0-cp310-cp310-macosx_10_9_x86_64.whl", hash = "sha256:ac9a745b7609f489faa65e1dc842168c18530874a5f5b742ac3dd79e26bca8bc"},
    {file = "fonttools-4.49.0-cp310-cp310-manylinux_2_17_aarch64.manylinux2014_aarch64.whl", hash = "sha256:0ba0e00620ca28d4ca11fc700806fd69144b463aa3275e1b36e56c7c09915559"},
    {file = "fonttools-4.49.0-cp310-cp310-manylinux_2_17_x86_64.manylinux2014_x86_64.whl", hash = "sha256:cdee3ab220283057e7840d5fb768ad4c2ebe65bdba6f75d5d7bf47f4e0ed7d29"},
    {file = "fonttools-4.49.0-cp310-cp310-musllinux_1_1_aarch64.whl", hash = "sha256:ce7033cb61f2bb65d8849658d3786188afd80f53dad8366a7232654804529532"},
    {file = "fonttools-4.49.0-cp310-cp310-musllinux_1_1_x86_64.whl", hash = "sha256:07bc5ea02bb7bc3aa40a1eb0481ce20e8d9b9642a9536cde0218290dd6085828"},
    {file = "fonttools-4.49.0-cp310-cp310-win32.whl", hash = "sha256:86eef6aab7fd7c6c8545f3ebd00fd1d6729ca1f63b0cb4d621bccb7d1d1c852b"},
    {file = "fonttools-4.49.0-cp310-cp310-win_amd64.whl", hash = "sha256:1fac1b7eebfce75ea663e860e7c5b4a8831b858c17acd68263bc156125201abf"},
    {file = "fonttools-4.49.0-cp311-cp311-macosx_10_9_universal2.whl", hash = "sha256:edc0cce355984bb3c1d1e89d6a661934d39586bb32191ebff98c600f8957c63e"},
    {file = "fonttools-4.49.0-cp311-cp311-macosx_10_9_x86_64.whl", hash = "sha256:83a0d9336de2cba86d886507dd6e0153df333ac787377325a39a2797ec529814"},
    {file = "fonttools-4.49.0-cp311-cp311-manylinux_2_17_aarch64.manylinux2014_aarch64.whl", hash = "sha256:36c8865bdb5cfeec88f5028e7e592370a0657b676c6f1d84a2108e0564f90e22"},
    {file = "fonttools-4.49.0-cp311-cp311-manylinux_2_17_x86_64.manylinux2014_x86_64.whl", hash = "sha256:33037d9e56e2562c710c8954d0f20d25b8386b397250d65581e544edc9d6b942"},
    {file = "fonttools-4.49.0-cp311-cp311-musllinux_1_1_aarch64.whl", hash = "sha256:8fb022d799b96df3eaa27263e9eea306bd3d437cc9aa981820850281a02b6c9a"},
    {file = "fonttools-4.49.0-cp311-cp311-musllinux_1_1_x86_64.whl", hash = "sha256:33c584c0ef7dc54f5dd4f84082eabd8d09d1871a3d8ca2986b0c0c98165f8e86"},
    {file = "fonttools-4.49.0-cp311-cp311-win32.whl", hash = "sha256:cbe61b158deb09cffdd8540dc4a948d6e8f4d5b4f3bf5cd7db09bd6a61fee64e"},
    {file = "fonttools-4.49.0-cp311-cp311-win_amd64.whl", hash = "sha256:fc11e5114f3f978d0cea7e9853627935b30d451742eeb4239a81a677bdee6bf6"},
    {file = "fonttools-4.49.0-cp312-cp312-macosx_10_9_universal2.whl", hash = "sha256:d647a0e697e5daa98c87993726da8281c7233d9d4ffe410812a4896c7c57c075"},
    {file = "fonttools-4.49.0-cp312-cp312-macosx_10_9_x86_64.whl", hash = "sha256:f3bbe672df03563d1f3a691ae531f2e31f84061724c319652039e5a70927167e"},
    {file = "fonttools-4.49.0-cp312-cp312-manylinux_2_17_aarch64.manylinux2014_aarch64.whl", hash = "sha256:bebd91041dda0d511b0d303180ed36e31f4f54b106b1259b69fade68413aa7ff"},
    {file = "fonttools-4.49.0-cp312-cp312-manylinux_2_5_x86_64.manylinux1_x86_64.manylinux_2_17_x86_64.manylinux2014_x86_64.whl", hash = "sha256:4145f91531fd43c50f9eb893faa08399816bb0b13c425667c48475c9f3a2b9b5"},
    {file = "fonttools-4.49.0-cp312-cp312-musllinux_1_1_aarch64.whl", hash = "sha256:ea329dafb9670ffbdf4dbc3b0e5c264104abcd8441d56de77f06967f032943cb"},
    {file = "fonttools-4.49.0-cp312-cp312-musllinux_1_1_x86_64.whl", hash = "sha256:c076a9e548521ecc13d944b1d261ff3d7825048c338722a4bd126d22316087b7"},
    {file = "fonttools-4.49.0-cp312-cp312-win32.whl", hash = "sha256:b607ea1e96768d13be26d2b400d10d3ebd1456343eb5eaddd2f47d1c4bd00880"},
    {file = "fonttools-4.49.0-cp312-cp312-win_amd64.whl", hash = "sha256:a974c49a981e187381b9cc2c07c6b902d0079b88ff01aed34695ec5360767034"},
    {file = "fonttools-4.49.0-cp38-cp38-macosx_10_9_universal2.whl", hash = "sha256:b85ec0bdd7bdaa5c1946398cbb541e90a6dfc51df76dfa88e0aaa41b335940cb"},
    {file = "fonttools-4.49.0-cp38-cp38-macosx_10_9_x86_64.whl", hash = "sha256:af20acbe198a8a790618ee42db192eb128afcdcc4e96d99993aca0b60d1faeb4"},
    {file = "fonttools-4.49.0-cp38-cp38-manylinux_2_17_aarch64.manylinux2014_aarch64.whl", hash = "sha256:4d418b1fee41a1d14931f7ab4b92dc0bc323b490e41d7a333eec82c9f1780c75"},
    {file = "fonttools-4.49.0-cp38-cp38-manylinux_2_17_x86_64.manylinux2014_x86_64.whl", hash = "sha256:b44a52b8e6244b6548851b03b2b377a9702b88ddc21dcaf56a15a0393d425cb9"},
    {file = "fonttools-4.49.0-cp38-cp38-musllinux_1_1_aarch64.whl", hash = "sha256:7c7125068e04a70739dad11857a4d47626f2b0bd54de39e8622e89701836eabd"},
    {file = "fonttools-4.49.0-cp38-cp38-musllinux_1_1_x86_64.whl", hash = "sha256:29e89d0e1a7f18bc30f197cfadcbef5a13d99806447c7e245f5667579a808036"},
    {file = "fonttools-4.49.0-cp38-cp38-win32.whl", hash = "sha256:9d95fa0d22bf4f12d2fb7b07a46070cdfc19ef5a7b1c98bc172bfab5bf0d6844"},
    {file = "fonttools-4.49.0-cp38-cp38-win_amd64.whl", hash = "sha256:768947008b4dc552d02772e5ebd49e71430a466e2373008ce905f953afea755a"},
    {file = "fonttools-4.49.0-cp39-cp39-macosx_10_9_universal2.whl", hash = "sha256:08877e355d3dde1c11973bb58d4acad1981e6d1140711230a4bfb40b2b937ccc"},
    {file = "fonttools-4.49.0-cp39-cp39-macosx_10_9_x86_64.whl", hash = "sha256:fdb54b076f25d6b0f0298dc706acee5052de20c83530fa165b60d1f2e9cbe3cb"},
    {file = "fonttools-4.49.0-cp39-cp39-manylinux_2_17_aarch64.manylinux2014_aarch64.whl", hash = "sha256:0af65c720520710cc01c293f9c70bd69684365c6015cc3671db2b7d807fe51f2"},
    {file = "fonttools-4.49.0-cp39-cp39-manylinux_2_17_x86_64.manylinux2014_x86_64.whl", hash = "sha256:1f255ce8ed7556658f6d23f6afd22a6d9bbc3edb9b96c96682124dc487e1bf42"},
    {file = "fonttools-4.49.0-cp39-cp39-musllinux_1_1_aarch64.whl", hash = "sha256:d00af0884c0e65f60dfaf9340e26658836b935052fdd0439952ae42e44fdd2be"},
    {file = "fonttools-4.49.0-cp39-cp39-musllinux_1_1_x86_64.whl", hash = "sha256:263832fae27481d48dfafcc43174644b6706639661e242902ceb30553557e16c"},
    {file = "fonttools-4.49.0-cp39-cp39-win32.whl", hash = "sha256:0404faea044577a01bb82d47a8fa4bc7a54067fa7e324785dd65d200d6dd1133"},
    {file = "fonttools-4.49.0-cp39-cp39-win_amd64.whl", hash = "sha256:b050d362df50fc6e38ae3954d8c29bf2da52be384649ee8245fdb5186b620836"},
    {file = "fonttools-4.49.0-py3-none-any.whl", hash = "sha256:af281525e5dd7fa0b39fb1667b8d5ca0e2a9079967e14c4bfe90fd1cd13e0f18"},
    {file = "fonttools-4.49.0.tar.gz", hash = "sha256:ebf46e7f01b7af7861310417d7c49591a85d99146fc23a5ba82fdb28af156321"},
]

[package.extras]
all = ["brotli (>=1.0.1)", "brotlicffi (>=0.8.0)", "fs (>=2.2.0,<3)", "lxml (>=4.0)", "lz4 (>=1.7.4.2)", "matplotlib", "munkres", "pycairo", "scipy", "skia-pathops (>=0.5.0)", "sympy", "uharfbuzz (>=0.23.0)", "unicodedata2 (>=15.1.0)", "xattr", "zopfli (>=0.1.4)"]
graphite = ["lz4 (>=1.7.4.2)"]
interpolatable = ["munkres", "pycairo", "scipy"]
lxml = ["lxml (>=4.0)"]
pathops = ["skia-pathops (>=0.5.0)"]
plot = ["matplotlib"]
repacker = ["uharfbuzz (>=0.23.0)"]
symfont = ["sympy"]
type1 = ["xattr"]
ufo = ["fs (>=2.2.0,<3)"]
unicode = ["unicodedata2 (>=15.1.0)"]
woff = ["brotli (>=1.0.1)", "brotlicffi (>=0.8.0)", "zopfli (>=0.1.4)"]

[[package]]
name = "ifcopenshell"
version = "0.7.0.231218"
description = "Python bindings, utility functions, and high-level API for IfcOpenShell"
optional = false
python-versions = "<3.12,>=3.6"
files = [
    {file = "ifcopenshell-0.7.0.231218-py310-none-macosx_10_15_x86_64.whl", hash = "sha256:ec8e44c077b29c29ea2b20b153da0ce5af68ea6b3eb2ee8600feda8abec35f10"},
    {file = "ifcopenshell-0.7.0.231218-py310-none-macosx_11_0_arm64.whl", hash = "sha256:67933b49a70073d695b3279dbadc8ecac71bb8ea63d2c65b7ec2da5f31a53fa9"},
    {file = "ifcopenshell-0.7.0.231218-py310-none-manylinux_2_31_x86_64.whl", hash = "sha256:a97c9adabe705163dd060f82968d767b458207fa242ae99daebce794b45d8586"},
    {file = "ifcopenshell-0.7.0.231218-py310-none-win_amd64.whl", hash = "sha256:7a7d595ae6bde05a311b575af78a5887d5d90a850bc829fa0b20de9c39fe1d58"},
    {file = "ifcopenshell-0.7.0.231218-py311-none-macosx_10_15_x86_64.whl", hash = "sha256:e087ad10e1ad298d3ed5ea9b4fabe5d79088e91fbd07deac4717d5e19e1f7bd9"},
    {file = "ifcopenshell-0.7.0.231218-py311-none-macosx_11_0_arm64.whl", hash = "sha256:5b29bd68eca15526c025d0d9ac75cc12698983538eed05769146fc7113a60051"},
    {file = "ifcopenshell-0.7.0.231218-py311-none-manylinux_2_31_x86_64.whl", hash = "sha256:7fea9fad84f995e9c18b00b5b5e690019c79839a4c4cfdc5a9f04c8356756095"},
    {file = "ifcopenshell-0.7.0.231218-py311-none-win_amd64.whl", hash = "sha256:a7d3e5d319f9632574cf038a93f6cf191a0f9b4bcf3a6946433447383f86e6f1"},
    {file = "ifcopenshell-0.7.0.231218-py36-none-macosx_10_15_x86_64.whl", hash = "sha256:cfcde605f5fcd829642ded9279bc4c499f365f47efd78a0851bfc6b99641bb79"},
    {file = "ifcopenshell-0.7.0.231218-py36-none-macosx_11_0_arm64.whl", hash = "sha256:5ec07a45e12da4f0ee9596ee35d64c096df65c77ddecb1fd99b8c33e1a152fad"},
    {file = "ifcopenshell-0.7.0.231218-py36-none-manylinux_2_31_x86_64.whl", hash = "sha256:d4620c839636b3fe00c0e43805ea0d6468ac2b9d90257220e3a91ceca4d00405"},
    {file = "ifcopenshell-0.7.0.231218-py36-none-win_amd64.whl", hash = "sha256:8fcfe977325854201ac0a5e61c5e1183600f6bc3dd137268b68188350d27e77c"},
    {file = "ifcopenshell-0.7.0.231218-py37-none-macosx_10_15_x86_64.whl", hash = "sha256:c0d8c8acf2a9d0d9bdade10d0c5e30b736b3e9c6bc4ca612531d5f89c1715883"},
    {file = "ifcopenshell-0.7.0.231218-py37-none-macosx_11_0_arm64.whl", hash = "sha256:f8780827773567205490b8ff8ff5c961a65bd4e7d7ec948d6cb27f347e2204e2"},
    {file = "ifcopenshell-0.7.0.231218-py37-none-manylinux_2_31_x86_64.whl", hash = "sha256:6becf93b32ee9049f60bcfe7a6f00df161df9949fb0e6ce568051923946a6668"},
]

[package.extras]
date = ["isodate"]
geometry = ["mathutils"]

[[package]]
name = "lark"
version = "1.1.9"
description = "a modern parsing library"
optional = false
python-versions = ">=3.6"
files = [
    {file = "lark-1.1.9-py3-none-any.whl", hash = "sha256:a0dd3a87289f8ccbb325901e4222e723e7d745dbfc1803eaf5f3d2ace19cf2db"},
    {file = "lark-1.1.9.tar.gz", hash = "sha256:15fa5236490824c2c4aba0e22d2d6d823575dcaf4cdd1848e34b6ad836240fba"},
]

[package.extras]
atomic-cache = ["atomicwrites"]
interegular = ["interegular (>=0.3.1,<0.4.0)"]
nearley = ["js2py"]
regex = ["regex"]

[[package]]
name = "numpy"
version = "1.26.4"
description = "Fundamental package for array computing in Python"
optional = false
python-versions = ">=3.9"
files = [
    {file = "numpy-1.26.4-cp310-cp310-macosx_10_9_x86_64.whl", hash = "sha256:9ff0f4f29c51e2803569d7a51c2304de5554655a60c5d776e35b4a41413830d0"},
    {file = "numpy-1.26.4-cp310-cp310-macosx_11_0_arm64.whl", hash = "sha256:2e4ee3380d6de9c9ec04745830fd9e2eccb3e6cf790d39d7b98ffd19b0dd754a"},
    {file = "numpy-1.26.4-cp310-cp310-manylinux_2_17_aarch64.manylinux2014_aarch64.whl", hash = "sha256:d209d8969599b27ad20994c8e41936ee0964e6da07478d6c35016bc386b66ad4"},
    {file = "numpy-1.26.4-cp310-cp310-manylinux_2_17_x86_64.manylinux2014_x86_64.whl", hash = "sha256:ffa75af20b44f8dba823498024771d5ac50620e6915abac414251bd971b4529f"},
    {file = "numpy-1.26.4-cp310-cp310-musllinux_1_1_aarch64.whl", hash = "sha256:62b8e4b1e28009ef2846b4c7852046736bab361f7aeadeb6a5b89ebec3c7055a"},
    {file = "numpy-1.26.4-cp310-cp310-musllinux_1_1_x86_64.whl", hash = "sha256:a4abb4f9001ad2858e7ac189089c42178fcce737e4169dc61321660f1a96c7d2"},
    {file = "numpy-1.26.4-cp310-cp310-win32.whl", hash = "sha256:bfe25acf8b437eb2a8b2d49d443800a5f18508cd811fea3181723922a8a82b07"},
    {file = "numpy-1.26.4-cp310-cp310-win_amd64.whl", hash = "sha256:b97fe8060236edf3662adfc2c633f56a08ae30560c56310562cb4f95500022d5"},
    {file = "numpy-1.26.4-cp311-cp311-macosx_10_9_x86_64.whl", hash = "sha256:4c66707fabe114439db9068ee468c26bbdf909cac0fb58686a42a24de1760c71"},
    {file = "numpy-1.26.4-cp311-cp311-macosx_11_0_arm64.whl", hash = "sha256:edd8b5fe47dab091176d21bb6de568acdd906d1887a4584a15a9a96a1dca06ef"},
    {file = "numpy-1.26.4-cp311-cp311-manylinux_2_17_aarch64.manylinux2014_aarch64.whl", hash = "sha256:7ab55401287bfec946ced39700c053796e7cc0e3acbef09993a9ad2adba6ca6e"},
    {file = "numpy-1.26.4-cp311-cp311-manylinux_2_17_x86_64.manylinux2014_x86_64.whl", hash = "sha256:666dbfb6ec68962c033a450943ded891bed2d54e6755e35e5835d63f4f6931d5"},
    {file = "numpy-1.26.4-cp311-cp311-musllinux_1_1_aarch64.whl", hash = "sha256:96ff0b2ad353d8f990b63294c8986f1ec3cb19d749234014f4e7eb0112ceba5a"},
    {file = "numpy-1.26.4-cp311-cp311-musllinux_1_1_x86_64.whl", hash = "sha256:60dedbb91afcbfdc9bc0b1f3f402804070deed7392c23eb7a7f07fa857868e8a"},
    {file = "numpy-1.26.4-cp311-cp311-win32.whl", hash = "sha256:1af303d6b2210eb850fcf03064d364652b7120803a0b872f5211f5234b399f20"},
    {file = "numpy-1.26.4-cp311-cp311-win_amd64.whl", hash = "sha256:cd25bcecc4974d09257ffcd1f098ee778f7834c3ad767fe5db785be9a4aa9cb2"},
    {file = "numpy-1.26.4-cp312-cp312-macosx_10_9_x86_64.whl", hash = "sha256:b3ce300f3644fb06443ee2222c2201dd3a89ea6040541412b8fa189341847218"},
    {file = "numpy-1.26.4-cp312-cp312-macosx_11_0_arm64.whl", hash = "sha256:03a8c78d01d9781b28a6989f6fa1bb2c4f2d51201cf99d3dd875df6fbd96b23b"},
    {file = "numpy-1.26.4-cp312-cp312-manylinux_2_17_aarch64.manylinux2014_aarch64.whl", hash = "sha256:9fad7dcb1aac3c7f0584a5a8133e3a43eeb2fe127f47e3632d43d677c66c102b"},
    {file = "numpy-1.26.4-cp312-cp312-manylinux_2_17_x86_64.manylinux2014_x86_64.whl", hash = "sha256:675d61ffbfa78604709862923189bad94014bef562cc35cf61d3a07bba02a7ed"},
    {file = "numpy-1.26.4-cp312-cp312-musllinux_1_1_aarch64.whl", hash = "sha256:ab47dbe5cc8210f55aa58e4805fe224dac469cde56b9f731a4c098b91917159a"},
    {file = "numpy-1.26.4-cp312-cp312-musllinux_1_1_x86_64.whl", hash = "sha256:1dda2e7b4ec9dd512f84935c5f126c8bd8b9f2fc001e9f54af255e8c5f16b0e0"},
    {file = "numpy-1.26.4-cp312-cp312-win32.whl", hash = "sha256:50193e430acfc1346175fcbdaa28ffec49947a06918b7b92130744e81e640110"},
    {file = "numpy-1.26.4-cp312-cp312-win_amd64.whl", hash = "sha256:08beddf13648eb95f8d867350f6a018a4be2e5ad54c8d8caed89ebca558b2818"},
    {file = "numpy-1.26.4-cp39-cp39-macosx_10_9_x86_64.whl", hash = "sha256:7349ab0fa0c429c82442a27a9673fc802ffdb7c7775fad780226cb234965e53c"},
    {file = "numpy-1.26.4-cp39-cp39-macosx_11_0_arm64.whl", hash = "sha256:52b8b60467cd7dd1e9ed082188b4e6bb35aa5cdd01777621a1658910745b90be"},
    {file = "numpy-1.26.4-cp39-cp39-manylinux_2_17_aarch64.manylinux2014_aarch64.whl", hash = "sha256:d5241e0a80d808d70546c697135da2c613f30e28251ff8307eb72ba696945764"},
    {file = "numpy-1.26.4-cp39-cp39-manylinux_2_17_x86_64.manylinux2014_x86_64.whl", hash = "sha256:f870204a840a60da0b12273ef34f7051e98c3b5961b61b0c2c1be6dfd64fbcd3"},
    {file = "numpy-1.26.4-cp39-cp39-musllinux_1_1_aarch64.whl", hash = "sha256:679b0076f67ecc0138fd2ede3a8fd196dddc2ad3254069bcb9faf9a79b1cebcd"},
    {file = "numpy-1.26.4-cp39-cp39-musllinux_1_1_x86_64.whl", hash = "sha256:47711010ad8555514b434df65f7d7b076bb8261df1ca9bb78f53d3b2db02e95c"},
    {file = "numpy-1.26.4-cp39-cp39-win32.whl", hash = "sha256:a354325ee03388678242a4d7ebcd08b5c727033fcff3b2f536aea978e15ee9e6"},
    {file = "numpy-1.26.4-cp39-cp39-win_amd64.whl", hash = "sha256:3373d5d70a5fe74a2c1bb6d2cfd9609ecf686d47a2d7b1d37a8f3b6bf6003aea"},
    {file = "numpy-1.26.4-pp39-pypy39_pp73-macosx_10_9_x86_64.whl", hash = "sha256:afedb719a9dcfc7eaf2287b839d8198e06dcd4cb5d276a3df279231138e83d30"},
    {file = "numpy-1.26.4-pp39-pypy39_pp73-manylinux_2_17_x86_64.manylinux2014_x86_64.whl", hash = "sha256:95a7476c59002f2f6c590b9b7b998306fba6a5aa646b1e22ddfeaf8f78c3a29c"},
    {file = "numpy-1.26.4-pp39-pypy39_pp73-win_amd64.whl", hash = "sha256:7e50d0a0cc3189f9cb0aeb3a6a6af18c16f59f004b866cd2be1c14b36134a4a0"},
    {file = "numpy-1.26.4.tar.gz", hash = "sha256:2a02aba9ed12e4ac4eb3ea9421c420301a0c6460d9830d74a9df87efa4912010"},
]

[[package]]
name = "odswriter"
version = "0.4.0"
description = "A pure-Python module for writing OpenDocument spreadsheets (similar to csv.writer)."
optional = false
python-versions = "*"
files = [
    {file = "odswriter-0.4.0.tar.gz", hash = "sha256:f4c6195dc95cc4a7c2bd98a8e174ddfb9eb98b0329ffe9a740ee825a319d62a0"},
]

[[package]]
name = "openpyxl"
version = "3.1.2"
description = "A Python library to read/write Excel 2010 xlsx/xlsm files"
optional = false
python-versions = ">=3.6"
files = [
    {file = "openpyxl-3.1.2-py2.py3-none-any.whl", hash = "sha256:f91456ead12ab3c6c2e9491cf33ba6d08357d802192379bb482f1033ade496f5"},
    {file = "openpyxl-3.1.2.tar.gz", hash = "sha256:a6f5977418eff3b2d5500d54d9db50c8277a368436f4e4f8ddb1be3422870184"},
]

[package.dependencies]
et-xmlfile = "*"

[[package]]
name = "pandas"
version = "2.2.1"
description = "Powerful data structures for data analysis, time series, and statistics"
optional = false
python-versions = ">=3.9"
files = [
    {file = "pandas-2.2.1-cp310-cp310-macosx_10_9_x86_64.whl", hash = "sha256:8df8612be9cd1c7797c93e1c5df861b2ddda0b48b08f2c3eaa0702cf88fb5f88"},
    {file = "pandas-2.2.1-cp310-cp310-macosx_11_0_arm64.whl", hash = "sha256:0f573ab277252ed9aaf38240f3b54cfc90fff8e5cab70411ee1d03f5d51f3944"},
    {file = "pandas-2.2.1-cp310-cp310-manylinux_2_17_aarch64.manylinux2014_aarch64.whl", hash = "sha256:f02a3a6c83df4026e55b63c1f06476c9aa3ed6af3d89b4f04ea656ccdaaaa359"},
    {file = "pandas-2.2.1-cp310-cp310-manylinux_2_17_x86_64.manylinux2014_x86_64.whl", hash = "sha256:c38ce92cb22a4bea4e3929429aa1067a454dcc9c335799af93ba9be21b6beb51"},
    {file = "pandas-2.2.1-cp310-cp310-musllinux_1_1_aarch64.whl", hash = "sha256:c2ce852e1cf2509a69e98358e8458775f89599566ac3775e70419b98615f4b06"},
    {file = "pandas-2.2.1-cp310-cp310-musllinux_1_1_x86_64.whl", hash = "sha256:53680dc9b2519cbf609c62db3ed7c0b499077c7fefda564e330286e619ff0dd9"},
    {file = "pandas-2.2.1-cp310-cp310-win_amd64.whl", hash = "sha256:94e714a1cca63e4f5939cdce5f29ba8d415d85166be3441165edd427dc9f6bc0"},
    {file = "pandas-2.2.1-cp311-cp311-macosx_10_9_x86_64.whl", hash = "sha256:f821213d48f4ab353d20ebc24e4faf94ba40d76680642fb7ce2ea31a3ad94f9b"},
    {file = "pandas-2.2.1-cp311-cp311-macosx_11_0_arm64.whl", hash = "sha256:c70e00c2d894cb230e5c15e4b1e1e6b2b478e09cf27cc593a11ef955b9ecc81a"},
    {file = "pandas-2.2.1-cp311-cp311-manylinux_2_17_aarch64.manylinux2014_aarch64.whl", hash = "sha256:e97fbb5387c69209f134893abc788a6486dbf2f9e511070ca05eed4b930b1b02"},
    {file = "pandas-2.2.1-cp311-cp311-manylinux_2_17_x86_64.manylinux2014_x86_64.whl", hash = "sha256:101d0eb9c5361aa0146f500773395a03839a5e6ecde4d4b6ced88b7e5a1a6403"},
    {file = "pandas-2.2.1-cp311-cp311-musllinux_1_1_aarch64.whl", hash = "sha256:7d2ed41c319c9fb4fd454fe25372028dfa417aacb9790f68171b2e3f06eae8cd"},
    {file = "pandas-2.2.1-cp311-cp311-musllinux_1_1_x86_64.whl", hash = "sha256:af5d3c00557d657c8773ef9ee702c61dd13b9d7426794c9dfeb1dc4a0bf0ebc7"},
    {file = "pandas-2.2.1-cp311-cp311-win_amd64.whl", hash = "sha256:06cf591dbaefb6da9de8472535b185cba556d0ce2e6ed28e21d919704fef1a9e"},
    {file = "pandas-2.2.1-cp312-cp312-macosx_10_9_x86_64.whl", hash = "sha256:88ecb5c01bb9ca927ebc4098136038519aa5d66b44671861ffab754cae75102c"},
    {file = "pandas-2.2.1-cp312-cp312-macosx_11_0_arm64.whl", hash = "sha256:04f6ec3baec203c13e3f8b139fb0f9f86cd8c0b94603ae3ae8ce9a422e9f5bee"},
    {file = "pandas-2.2.1-cp312-cp312-manylinux_2_17_aarch64.manylinux2014_aarch64.whl", hash = "sha256:a935a90a76c44fe170d01e90a3594beef9e9a6220021acfb26053d01426f7dc2"},
    {file = "pandas-2.2.1-cp312-cp312-manylinux_2_17_x86_64.manylinux2014_x86_64.whl", hash = "sha256:c391f594aae2fd9f679d419e9a4d5ba4bce5bb13f6a989195656e7dc4b95c8f0"},
    {file = "pandas-2.2.1-cp312-cp312-musllinux_1_1_aarch64.whl", hash = "sha256:9d1265545f579edf3f8f0cb6f89f234f5e44ba725a34d86535b1a1d38decbccc"},
    {file = "pandas-2.2.1-cp312-cp312-musllinux_1_1_x86_64.whl", hash = "sha256:11940e9e3056576ac3244baef2fedade891977bcc1cb7e5cc8f8cc7d603edc89"},
    {file = "pandas-2.2.1-cp312-cp312-win_amd64.whl", hash = "sha256:4acf681325ee1c7f950d058b05a820441075b0dd9a2adf5c4835b9bc056bf4fb"},
    {file = "pandas-2.2.1-cp39-cp39-macosx_10_9_x86_64.whl", hash = "sha256:9bd8a40f47080825af4317d0340c656744f2bfdb6819f818e6ba3cd24c0e1397"},
    {file = "pandas-2.2.1-cp39-cp39-macosx_11_0_arm64.whl", hash = "sha256:df0c37ebd19e11d089ceba66eba59a168242fc6b7155cba4ffffa6eccdfb8f16"},
    {file = "pandas-2.2.1-cp39-cp39-manylinux_2_17_aarch64.manylinux2014_aarch64.whl", hash = "sha256:739cc70eaf17d57608639e74d63387b0d8594ce02f69e7a0b046f117974b3019"},
    {file = "pandas-2.2.1-cp39-cp39-manylinux_2_17_x86_64.manylinux2014_x86_64.whl", hash = "sha256:f9d3558d263073ed95e46f4650becff0c5e1ffe0fc3a015de3c79283dfbdb3df"},
    {file = "pandas-2.2.1-cp39-cp39-musllinux_1_1_aarch64.whl", hash = "sha256:4aa1d8707812a658debf03824016bf5ea0d516afdea29b7dc14cf687bc4d4ec6"},
    {file = "pandas-2.2.1-cp39-cp39-musllinux_1_1_x86_64.whl", hash = "sha256:76f27a809cda87e07f192f001d11adc2b930e93a2b0c4a236fde5429527423be"},
    {file = "pandas-2.2.1-cp39-cp39-win_amd64.whl", hash = "sha256:1ba21b1d5c0e43416218db63037dbe1a01fc101dc6e6024bcad08123e48004ab"},
    {file = "pandas-2.2.1.tar.gz", hash = "sha256:0ab90f87093c13f3e8fa45b48ba9f39181046e8f3317d3aadb2fffbb1b978572"},
]

[package.dependencies]
numpy = {version = ">=1.23.2,<2", markers = "python_version == \"3.11\""}
python-dateutil = ">=2.8.2"
pytz = ">=2020.1"
tzdata = ">=2022.7"

[package.extras]
all = ["PyQt5 (>=5.15.9)", "SQLAlchemy (>=2.0.0)", "adbc-driver-postgresql (>=0.8.0)", "adbc-driver-sqlite (>=0.8.0)", "beautifulsoup4 (>=4.11.2)", "bottleneck (>=1.3.6)", "dataframe-api-compat (>=0.1.7)", "fastparquet (>=2022.12.0)", "fsspec (>=2022.11.0)", "gcsfs (>=2022.11.0)", "html5lib (>=1.1)", "hypothesis (>=6.46.1)", "jinja2 (>=3.1.2)", "lxml (>=4.9.2)", "matplotlib (>=3.6.3)", "numba (>=0.56.4)", "numexpr (>=2.8.4)", "odfpy (>=1.4.1)", "openpyxl (>=3.1.0)", "pandas-gbq (>=0.19.0)", "psycopg2 (>=2.9.6)", "pyarrow (>=10.0.1)", "pymysql (>=1.0.2)", "pyreadstat (>=1.2.0)", "pytest (>=7.3.2)", "pytest-xdist (>=2.2.0)", "python-calamine (>=0.1.7)", "pyxlsb (>=1.0.10)", "qtpy (>=2.3.0)", "s3fs (>=2022.11.0)", "scipy (>=1.10.0)", "tables (>=3.8.0)", "tabulate (>=0.9.0)", "xarray (>=2022.12.0)", "xlrd (>=2.0.1)", "xlsxwriter (>=3.0.5)", "zstandard (>=0.19.0)"]
aws = ["s3fs (>=2022.11.0)"]
clipboard = ["PyQt5 (>=5.15.9)", "qtpy (>=2.3.0)"]
compression = ["zstandard (>=0.19.0)"]
computation = ["scipy (>=1.10.0)", "xarray (>=2022.12.0)"]
consortium-standard = ["dataframe-api-compat (>=0.1.7)"]
excel = ["odfpy (>=1.4.1)", "openpyxl (>=3.1.0)", "python-calamine (>=0.1.7)", "pyxlsb (>=1.0.10)", "xlrd (>=2.0.1)", "xlsxwriter (>=3.0.5)"]
feather = ["pyarrow (>=10.0.1)"]
fss = ["fsspec (>=2022.11.0)"]
gcp = ["gcsfs (>=2022.11.0)", "pandas-gbq (>=0.19.0)"]
hdf5 = ["tables (>=3.8.0)"]
html = ["beautifulsoup4 (>=4.11.2)", "html5lib (>=1.1)", "lxml (>=4.9.2)"]
mysql = ["SQLAlchemy (>=2.0.0)", "pymysql (>=1.0.2)"]
output-formatting = ["jinja2 (>=3.1.2)", "tabulate (>=0.9.0)"]
parquet = ["pyarrow (>=10.0.1)"]
performance = ["bottleneck (>=1.3.6)", "numba (>=0.56.4)", "numexpr (>=2.8.4)"]
plot = ["matplotlib (>=3.6.3)"]
postgresql = ["SQLAlchemy (>=2.0.0)", "adbc-driver-postgresql (>=0.8.0)", "psycopg2 (>=2.9.6)"]
pyarrow = ["pyarrow (>=10.0.1)"]
spss = ["pyreadstat (>=1.2.0)"]
sql-other = ["SQLAlchemy (>=2.0.0)", "adbc-driver-postgresql (>=0.8.0)", "adbc-driver-sqlite (>=0.8.0)"]
test = ["hypothesis (>=6.46.1)", "pytest (>=7.3.2)", "pytest-xdist (>=2.2.0)"]
xml = ["lxml (>=4.9.2)"]

[[package]]
name = "pyparsing"
version = "3.1.1"
description = "pyparsing module - Classes and methods to define and execute parsing grammars"
optional = false
python-versions = ">=3.6.8"
files = [
    {file = "pyparsing-3.1.1-py3-none-any.whl", hash = "sha256:32c7c0b711493c72ff18a981d24f28aaf9c1fb7ed5e9667c9e84e3db623bdbfb"},
    {file = "pyparsing-3.1.1.tar.gz", hash = "sha256:ede28a1a32462f5a9705e07aea48001a08f7cf81a021585011deba701581a0db"},
]

[package.extras]
diagrams = ["jinja2", "railroad-diagrams"]

[[package]]
name = "python-dateutil"
version = "2.9.0.post0"
description = "Extensions to the standard Python datetime module"
optional = false
python-versions = "!=3.0.*,!=3.1.*,!=3.2.*,>=2.7"
files = [
    {file = "python-dateutil-2.9.0.post0.tar.gz", hash = "sha256:37dd54208da7e1cd875388217d5e00ebd4179249f90fb72437e91a35459a0ad3"},
    {file = "python_dateutil-2.9.0.post0-py2.py3-none-any.whl", hash = "sha256:a8b2bc7bffae282281c8140a97d3aa9c14da0b136dfe83f850eea9a5f7470427"},
]

[package.dependencies]
six = ">=1.5"

[[package]]
name = "pytz"
version = "2024.1"
description = "World timezone definitions, modern and historical"
optional = false
python-versions = "*"
files = [
    {file = "pytz-2024.1-py2.py3-none-any.whl", hash = "sha256:328171f4e3623139da4983451950b28e95ac706e13f3f2630a879749e7a8b319"},
    {file = "pytz-2024.1.tar.gz", hash = "sha256:2a29735ea9c18baf14b448846bde5a48030ed267578472d8955cd0e7443a9812"},
]

[[package]]
name = "six"
version = "1.16.0"
description = "Python 2 and 3 compatibility utilities"
optional = false
python-versions = ">=2.7, !=3.0.*, !=3.1.*, !=3.2.*"
files = [
    {file = "six-1.16.0-py2.py3-none-any.whl", hash = "sha256:8abb2f1d86890a2dfb989f9a77cfcfd3e47c2a354b01111771326f8aa26e0254"},
    {file = "six-1.16.0.tar.gz", hash = "sha256:1e61c37477a1626458e36f7b1d82aa5c9b094fa4802892072e49de9c60c4c926"},
]

[[package]]
name = "typing-extensions"
version = "4.10.0"
description = "Backported and Experimental Type Hints for Python 3.8+"
optional = false
python-versions = ">=3.8"
files = [
    {file = "typing_extensions-4.10.0-py3-none-any.whl", hash = "sha256:69b1a937c3a517342112fb4c6df7e72fc39a38e7891a5730ed4985b5214b5475"},
    {file = "typing_extensions-4.10.0.tar.gz", hash = "sha256:b0abd7c89e8fb96f98db18d86106ff1d90ab692004eb746cf6eda2682f91b3cb"},
]

[[package]]
name = "tzdata"
version = "2024.1"
description = "Provider of IANA time zone data"
optional = false
python-versions = ">=2"
files = [
    {file = "tzdata-2024.1-py2.py3-none-any.whl", hash = "sha256:9068bc196136463f5245e51efda838afa15aaeca9903f49050dfa2679db4d252"},
    {file = "tzdata-2024.1.tar.gz", hash = "sha256:2674120f8d891909751c38abcdfd386ac0a5a1127954fbc332af6b5ceae07efd"},
]

[[package]]
name = "xlsxwriter"
version = "3.2.0"
description = "A Python module for creating Excel XLSX files."
optional = false
python-versions = ">=3.6"
files = [
    {file = "XlsxWriter-3.2.0-py3-none-any.whl", hash = "sha256:ecfd5405b3e0e228219bcaf24c2ca0915e012ca9464a14048021d21a995d490e"},
    {file = "XlsxWriter-3.2.0.tar.gz", hash = "sha256:9977d0c661a72866a61f9f7a809e25ebbb0fb7036baa3b9fe74afcfca6b3cb8c"},
]

[metadata]
lock-version = "2.0"
python-versions = "3.11.*"
content-hash = "1a26a0eeae8cd3b9fba9c57cbf8e1ff2eb21aae38d2f9122d87998f05d2ba5cb"
